
Microsoft Visual Studio Solution File, Format Version 12.00
# Visual Studio Version 17
VisualStudioVersion = 17.5.002.0
MinimumVisualStudioVersion = 10.0.40219.1
Project("{2150E333-8FDC-42A3-9474-1A3956D46DE8}") = "server", "server", "{CF2484F3-0A0F-486F-94CA-AE40C45441B2}"
EndProject
Project("{9A19103F-16F7-4668-BE54-9A1E7A4F7556}") = "test", "server\test\test.csproj", "{4F6C5CDA-B174-4F9B-9B50-43E596B93316}"
EndProject
Project("{9A19103F-16F7-4668-BE54-9A1E7A4F7556}") = "minimal-crud", "server\src\minimal-crud.csproj", "{6363E33B-63EB-4860-AFC5-2A6A3035B78E}"
EndProject
Global
	GlobalSection(SolutionConfigurationPlatforms) = preSolution
		Debug|Any CPU = Debug|Any CPU
		Release|Any CPU = Release|Any CPU
	EndGlobalSection
	GlobalSection(ProjectConfigurationPlatforms) = postSolution
		{4F6C5CDA-B174-4F9B-9B50-43E596B93316}.Debug|Any CPU.ActiveCfg = Debug|Any CPU
		{4F6C5CDA-B174-4F9B-9B50-43E596B93316}.Debug|Any CPU.Build.0 = Debug|Any CPU
		{4F6C5CDA-B174-4F9B-9B50-43E596B93316}.Release|Any CPU.ActiveCfg = Release|Any CPU
		{4F6C5CDA-B174-4F9B-9B50-43E596B93316}.Release|Any CPU.Build.0 = Release|Any CPU
		{6363E33B-63EB-4860-AFC5-2A6A3035B78E}.Debug|Any CPU.ActiveCfg = Debug|Any CPU
		{6363E33B-63EB-4860-AFC5-2A6A3035B78E}.Debug|Any CPU.Build.0 = Debug|Any CPU
		{6363E33B-63EB-4860-AFC5-2A6A3035B78E}.Release|Any CPU.ActiveCfg = Release|Any CPU
		{6363E33B-63EB-4860-AFC5-2A6A3035B78E}.Release|Any CPU.Build.0 = Release|Any CPU
	EndGlobalSection
	GlobalSection(SolutionProperties) = preSolution
		HideSolutionNode = FALSE
	EndGlobalSection
	GlobalSection(NestedProjects) = preSolution
		{4F6C5CDA-B174-4F9B-9B50-43E596B93316} = {CF2484F3-0A0F-486F-94CA-AE40C45441B2}
		{6363E33B-63EB-4860-AFC5-2A6A3035B78E} = {CF2484F3-0A0F-486F-94CA-AE40C45441B2}
	EndGlobalSection
	GlobalSection(ExtensibilityGlobals) = postSolution
		SolutionGuid = {33637B88-05B2-4B4A-8058-FCC50EA5072B}
	EndGlobalSection
EndGlobal
